
Microsoft Visual Studio Solution File, Format Version 12.00
# Visual Studio Version 17
VisualStudioVersion = 17.0.31903.59
MinimumVisualStudioVersion = 10.0.40219.1
Project("{9A19103F-16F7-4668-BE54-9A1E7A4F7556}") = "Sample.Api", "Sample.Api\Sample.Api.csproj", "{D9B7A033-B105-4421-AAD6-011F2294FA82}"
EndProject
Project("{FAE04EC0-301F-11D3-BF4B-00C04F79EFBC}") = "Sample.Contracts", "Sample.Contracts\Sample.Contracts.csproj", "{26C053B1-8748-41C3-928E-27BB148C6171}"
EndProject
Project("{FAE04EC0-301F-11D3-BF4B-00C04F79EFBC}") = "Sample.Components", "Sample.Components\Sample.Components.csproj", "{6C5EC4FE-FF4B-4EF4-9A96-CDF693F26115}"
EndProject
Global
	GlobalSection(SolutionConfigurationPlatforms) = preSolution
		Debug|Any CPU = Debug|Any CPU
		Release|Any CPU = Release|Any CPU
	EndGlobalSection
	GlobalSection(ProjectConfigurationPlatforms) = postSolution
		{D9B7A033-B105-4421-AAD6-011F2294FA82}.Debug|Any CPU.ActiveCfg = Debug|Any CPU
		{D9B7A033-B105-4421-AAD6-011F2294FA82}.Debug|Any CPU.Build.0 = Debug|Any CPU
		{D9B7A033-B105-4421-AAD6-011F2294FA82}.Release|Any CPU.ActiveCfg = Release|Any CPU
		{D9B7A033-B105-4421-AAD6-011F2294FA82}.Release|Any CPU.Build.0 = Release|Any CPU
		{26C053B1-8748-41C3-928E-27BB148C6171}.Debug|Any CPU.ActiveCfg = Debug|Any CPU
		{26C053B1-8748-41C3-928E-27BB148C6171}.Debug|Any CPU.Build.0 = Debug|Any CPU
		{26C053B1-8748-41C3-928E-27BB148C6171}.Release|Any CPU.ActiveCfg = Release|Any CPU
		{26C053B1-8748-41C3-928E-27BB148C6171}.Release|Any CPU.Build.0 = Release|Any CPU
		{6C5EC4FE-FF4B-4EF4-9A96-CDF693F26115}.Debug|Any CPU.ActiveCfg = Debug|Any CPU
		{6C5EC4FE-FF4B-4EF4-9A96-CDF693F26115}.Debug|Any CPU.Build.0 = Debug|Any CPU
		{6C5EC4FE-FF4B-4EF4-9A96-CDF693F26115}.Release|Any CPU.ActiveCfg = Release|Any CPU
		{6C5EC4FE-FF4B-4EF4-9A96-CDF693F26115}.Release|Any CPU.Build.0 = Release|Any CPU
	EndGlobalSection
	GlobalSection(SolutionProperties) = preSolution
		HideSolutionNode = FALSE
	EndGlobalSection
	GlobalSection(ExtensibilityGlobals) = postSolution
		SolutionGuid = {18CBF9DC-1E6B-49B1-A8ED-697461AFD727}
	EndGlobalSection
EndGlobal
